
Microsoft Visual Studio Solution File, Format Version 12.00
# Visual Studio 15
VisualStudioVersion = 15.0.28306.52
MinimumVisualStudioVersion = 10.0.40219.1
Project("{FAE04EC0-301F-11D3-BF4B-00C04F79EFBC}") = "Przychodnia", "Przychodnia\Przychodnia.csproj", "{CE0ACF6D-18B5-410A-9C20-2E0557F6B903}"
EndProject
Global
	GlobalSection(SolutionConfigurationPlatforms) = preSolution
		Debug|Any CPU = Debug|Any CPU
		Release|Any CPU = Release|Any CPU
	EndGlobalSection
	GlobalSection(ProjectConfigurationPlatforms) = postSolution
		{CE0ACF6D-18B5-410A-9C20-2E0557F6B903}.Debug|Any CPU.ActiveCfg = Debug|Any CPU
		{CE0ACF6D-18B5-410A-9C20-2E0557F6B903}.Debug|Any CPU.Build.0 = Debug|Any CPU
		{CE0ACF6D-18B5-410A-9C20-2E0557F6B903}.Release|Any CPU.ActiveCfg = Release|Any CPU
		{CE0ACF6D-18B5-410A-9C20-2E0557F6B903}.Release|Any CPU.Build.0 = Release|Any CPU
	EndGlobalSection
	GlobalSection(SolutionProperties) = preSolution
		HideSolutionNode = FALSE
	EndGlobalSection
	GlobalSection(ExtensibilityGlobals) = postSolution
		SolutionGuid = {5712A0C6-362B-4379-8DDE-B6005EDA7F19}
	EndGlobalSection
EndGlobal
